{
  "name": "vag-oossc",
  "version": "1.0.0",
  "lockfileVersion": 1,
  "requires": true,
  "dependencies": {
    "typescript": {
      "version": "3.4.5",
      "resolved": "https://registry.npmjs.org/typescript/-/typescript-3.4.5.tgz",
      "integrity": "sha512-YycBxUb49UUhdNMU5aJ7z5Ej2XGmaIBL0x34vZ82fn3hGvD+bgrMrVDpatgz2f7YxUMJxMkbWxJZeAvDxVe7Vw==",
      "dev": true
    },
    "virtual-audio-graph": {
      "version": "1.1.0",
      "resolved": "https://registry.npmjs.org/virtual-audio-graph/-/virtual-audio-graph-1.1.0.tgz",
      "integrity": "sha512-gY+cfd0Xe1CpifmyP0Qw6oUGAUAojzZPk9s3f8izGmbbfuDtbInq3SIOZEgEc6GqO+Nn6XCr5d4XXnTKi3bvYw=="
    }
  }
}
